
Microsoft Visual Studio Solution File, Format Version 12.00
# Visual Studio Version 17
VisualStudioVersion = 17.13.35825.156 d17.13
MinimumVisualStudioVersion = 10.0.40219.1
Project("{FAE04EC0-301F-11D3-BF4B-00C04F79EFBC}") = "tpmodul10_103022300155", "tpmodul10_103022300155\tpmodul10_103022300155.csproj", "{C089A676-1853-4D21-B0B6-DAA2176EF758}"
EndProject
Global
	GlobalSection(SolutionConfigurationPlatforms) = preSolution
		Debug|Any CPU = Debug|Any CPU
		Release|Any CPU = Release|Any CPU
	EndGlobalSection
	GlobalSection(ProjectConfigurationPlatforms) = postSolution
		{C089A676-1853-4D21-B0B6-DAA2176EF758}.Debug|Any CPU.ActiveCfg = Debug|Any CPU
		{C089A676-1853-4D21-B0B6-DAA2176EF758}.Debug|Any CPU.Build.0 = Debug|Any CPU
		{C089A676-1853-4D21-B0B6-DAA2176EF758}.Release|Any CPU.ActiveCfg = Release|Any CPU
		{C089A676-1853-4D21-B0B6-DAA2176EF758}.Release|Any CPU.Build.0 = Release|Any CPU
	EndGlobalSection
	GlobalSection(SolutionProperties) = preSolution
		HideSolutionNode = FALSE
	EndGlobalSection
	GlobalSection(ExtensibilityGlobals) = postSolution
		SolutionGuid = {8709A8A4-BF25-48D2-97DC-A0B421168FD7}
	EndGlobalSection
EndGlobal
